{
  "name": "mortle",
  "version": "1.0.0",
  "lockfileVersion": 1,
  "requires": true,
  "dependencies": {
    "@types/js-cookie": {
      "version": "2.2.4",
      "resolved": "https://registry.npmjs.org/@types/js-cookie/-/js-cookie-2.2.4.tgz",
      "integrity": "sha512-WTfSE1Eauak/Nrg6cA9FgPTFvVawejsai6zXoq0QYTQ3mxONeRtGhKxa7wMlUzWWmzrmTeV+rwLjHgsCntdrsA==",
      "dev": true
    },
    "@types/webfontloader": {
      "version": "1.6.29",
      "resolved": "https://registry.npmjs.org/@types/webfontloader/-/webfontloader-1.6.29.tgz",
      "integrity": "sha512-wobuM+LvpkzU296NsFVRGDAFWw3X2XEhrLHuvV+VGSbok6aOxQcymmopUFwNB69qy5oudHt9lYC0JF+z+DxFLw==",
      "dev": true
    },
    "typescript": {
      "version": "3.7.5",
      "resolved": "https://registry.npmjs.org/typescript/-/typescript-3.7.5.tgz",
      "integrity": "sha512-/P5lkRXkWHNAbcJIiHPfRoKqyd7bsyCma1hZNUGfn20qm64T6ZBlrzprymeu918H+mB/0rIg2gGK/BXkhhYgBw==",
      "dev": true
    }
  }
}
